
Microsoft Visual Studio Solution File, Format Version 12.00
# Visual Studio Version 16
VisualStudioVersion = 16.0.29911.84
MinimumVisualStudioVersion = 10.0.40219.1
Project("{FAE04EC0-301F-11D3-BF4B-00C04F79EFBC}") = "WPF-Tp-03", "WPF-Tp-03.csproj", "{CE7201B8-0D56-4D1D-9434-E93A61A17685}"
EndProject
Global
	GlobalSection(SolutionConfigurationPlatforms) = preSolution
		Debug|Any CPU = Debug|Any CPU
		Release|Any CPU = Release|Any CPU
	EndGlobalSection
	GlobalSection(ProjectConfigurationPlatforms) = postSolution
		{CE7201B8-0D56-4D1D-9434-E93A61A17685}.Debug|Any CPU.ActiveCfg = Debug|Any CPU
		{CE7201B8-0D56-4D1D-9434-E93A61A17685}.Debug|Any CPU.Build.0 = Debug|Any CPU
		{CE7201B8-0D56-4D1D-9434-E93A61A17685}.Release|Any CPU.ActiveCfg = Release|Any CPU
		{CE7201B8-0D56-4D1D-9434-E93A61A17685}.Release|Any CPU.Build.0 = Release|Any CPU
	EndGlobalSection
	GlobalSection(SolutionProperties) = preSolution
		HideSolutionNode = FALSE
	EndGlobalSection
	GlobalSection(ExtensibilityGlobals) = postSolution
		SolutionGuid = {7076C5B0-1333-4227-8E78-5D9C94E8E3BE}
	EndGlobalSection
EndGlobal
